
Microsoft Visual Studio Solution File, Format Version 12.00
# Visual Studio Version 17
VisualStudioVersion = 17.10.35013.160
MinimumVisualStudioVersion = 10.0.40219.1
Project("{2150E333-8FDC-42A3-9474-1A3956D46DE8}") = "Application", "Application", "{317CD143-C464-41C6-BBD6-049EC52809FF}"
EndProject
Project("{2150E333-8FDC-42A3-9474-1A3956D46DE8}") = "Contracts", "Contracts", "{C065436B-82A8-423B-9E73-56E1138CFEA0}"
EndProject
Project("{2150E333-8FDC-42A3-9474-1A3956D46DE8}") = "Domain", "Domain", "{9EB439B8-373E-4C49-9E12-81C37B671174}"
EndProject
Project("{2150E333-8FDC-42A3-9474-1A3956D46DE8}") = "Infrastructure", "Infrastructure", "{CE50BFFC-2B85-4FDA-B378-64A11DC758B9}"
EndProject
Project("{9A19103F-16F7-4668-BE54-9A1E7A4F7556}") = "PS.BearDiner.Application", "PS.BearDiner.Application\PS.BearDiner.Application.csproj", "{4C782917-6DB5-40BE-8121-314419F9D653}"
EndProject
Project("{9A19103F-16F7-4668-BE54-9A1E7A4F7556}") = "PS.BearDiner.Contracts", "PS.BearDiner.Contracts\PS.BearDiner.Contracts.csproj", "{1406CD4F-51D6-4724-A114-6BC9217AA085}"
EndProject
Project("{9A19103F-16F7-4668-BE54-9A1E7A4F7556}") = "PS.BearDiner.Domain", "PS.BearDiner.Domain\PS.BearDiner.Domain.csproj", "{C8B90068-8076-49FD-94ED-9B2B063DDB02}"
EndProject
Project("{9A19103F-16F7-4668-BE54-9A1E7A4F7556}") = "PS.BearDiner.Infrastructure", "PS.BearDiner.Infrastructure\PS.BearDiner.Infrastructure.csproj", "{15CF2AB7-9CB3-48B4-9ED7-0CFFA928E48D}"
EndProject
Project("{2150E333-8FDC-42A3-9474-1A3956D46DE8}") = "Api", "Api", "{C4A3D672-7BA7-4DDE-A44D-F992F1D6B2CD}"
EndProject
Project("{9A19103F-16F7-4668-BE54-9A1E7A4F7556}") = "PS.BearDiner.Api", "PS.BearDiner.Api\PS.BearDiner.Api.csproj", "{3DD179ED-A49C-48E3-AA5A-B514776F6394}"
EndProject
Project("{2150E333-8FDC-42A3-9474-1A3956D46DE8}") = "Tests", "Tests", "{AEEA562C-41AB-47BD-A430-BCDFD54A117B}"
EndProject
Project("{2150E333-8FDC-42A3-9474-1A3956D46DE8}") = "AcceptanceTests", "AcceptanceTests", "{CF84103C-B745-4453-9BB6-C49DD16E3ACD}"
EndProject
Project("{2150E333-8FDC-42A3-9474-1A3956D46DE8}") = "EndToEndTests", "EndToEndTests", "{4E71AECC-358D-4DF1-828F-80CDE91FE69A}"
EndProject
Project("{2150E333-8FDC-42A3-9474-1A3956D46DE8}") = "FunctionalTests", "FunctionalTests", "{DD365517-A219-4AA7-9970-BF07C491B403}"
EndProject
Project("{2150E333-8FDC-42A3-9474-1A3956D46DE8}") = "IntegrationTests", "IntegrationTests", "{097365BD-3506-4146-B5C4-6FD16B0CDA40}"
EndProject
Project("{2150E333-8FDC-42A3-9474-1A3956D46DE8}") = "UnitTests", "UnitTests", "{A835F837-B5B0-4F87-A96A-2E10F3DCA4ED}"
EndProject
Project("{2150E333-8FDC-42A3-9474-1A3956D46DE8}") = "PS.BearDiner.Api.UnitTests", "PS.BearDiner.Api.UnitTests", "{EBC0DCD0-31E4-4090-BA41-ED212FFA55EA}"
EndProject
Project("{2150E333-8FDC-42A3-9474-1A3956D46DE8}") = "PS.BearDiner.Application.UnitTests", "PS.BearDiner.Application.UnitTests", "{DA1972C8-7DB8-4EE8-A6E3-D98B6E79B4B0}"
EndProject
Project("{2150E333-8FDC-42A3-9474-1A3956D46DE8}") = "PS.BearDiner.Contracts.UnitTests", "PS.BearDiner.Contracts.UnitTests", "{0297628B-EDC8-4B8B-B0B6-B8051439436C}"
EndProject
Project("{2150E333-8FDC-42A3-9474-1A3956D46DE8}") = "PS.BearDiner.Domain.UnitTests", "PS.BearDiner.Domain.UnitTests", "{5CB7420F-464D-4844-A66A-9E1CEFD3748F}"
EndProject
Project("{2150E333-8FDC-42A3-9474-1A3956D46DE8}") = "PS.BearDiner.Infrastructure.UnitTests", "PS.BearDiner.Infrastructure.UnitTests", "{48EA27F2-004D-4438-98F2-44BFE744B85C}"
EndProject
Project("{FAE04EC0-301F-11D3-BF4B-00C04F79EFBC}") = "PS.BearDiner.Api.UnitTests", "..\..\tests\PS.BearDiner.Api.UnitTests\PS.BearDiner.Api.UnitTests.csproj", "{AF0D2E91-4105-4D55-AF7F-219FFE0D529F}"
EndProject
Project("{FAE04EC0-301F-11D3-BF4B-00C04F79EFBC}") = "PS.BearDiner.Application.UnitTests", "..\..\tests\PS.BearDiner.Application.UnitTests\PS.BearDiner.Application.UnitTests.csproj", "{24F73086-65BA-41AB-9BA9-FD7631D3D4BE}"
EndProject
Project("{FAE04EC0-301F-11D3-BF4B-00C04F79EFBC}") = "PS.BearDiner.Contracts.UnitTests", "..\..\tests\PS.BearDiner.Contracts.UnitTests\PS.BearDiner.Contracts.UnitTests.csproj", "{094859C7-0981-44F4-BEC4-9E8B81DBA88F}"
EndProject
Project("{FAE04EC0-301F-11D3-BF4B-00C04F79EFBC}") = "PS.BearDiner.Domain.UnitTests", "..\..\tests\PS.BearDiner.Domain.UnitTests\PS.BearDiner.Domain.UnitTests.csproj", "{8135DBBA-34C0-4CB9-97B2-3B7ADA0B46E9}"
EndProject
Project("{FAE04EC0-301F-11D3-BF4B-00C04F79EFBC}") = "PS.BearDiner.Infrastructure.UnitTests", "..\..\tests\PS.BearDiner.Infrastructure.UnitTests\PS.BearDiner.Infrastructure.UnitTests.csproj", "{CCCA2369-902B-4519-A3BA-AE6F63A13169}"
EndProject
Global
	GlobalSection(SolutionConfigurationPlatforms) = preSolution
		Debug|Any CPU = Debug|Any CPU
		Release|Any CPU = Release|Any CPU
	EndGlobalSection
	GlobalSection(ProjectConfigurationPlatforms) = postSolution
		{4C782917-6DB5-40BE-8121-314419F9D653}.Debug|Any CPU.ActiveCfg = Debug|Any CPU
		{4C782917-6DB5-40BE-8121-314419F9D653}.Debug|Any CPU.Build.0 = Debug|Any CPU
		{4C782917-6DB5-40BE-8121-314419F9D653}.Release|Any CPU.ActiveCfg = Release|Any CPU
		{4C782917-6DB5-40BE-8121-314419F9D653}.Release|Any CPU.Build.0 = Release|Any CPU
		{1406CD4F-51D6-4724-A114-6BC9217AA085}.Debug|Any CPU.ActiveCfg = Debug|Any CPU
		{1406CD4F-51D6-4724-A114-6BC9217AA085}.Debug|Any CPU.Build.0 = Debug|Any CPU
		{1406CD4F-51D6-4724-A114-6BC9217AA085}.Release|Any CPU.ActiveCfg = Release|Any CPU
		{1406CD4F-51D6-4724-A114-6BC9217AA085}.Release|Any CPU.Build.0 = Release|Any CPU
		{C8B90068-8076-49FD-94ED-9B2B063DDB02}.Debug|Any CPU.ActiveCfg = Debug|Any CPU
		{C8B90068-8076-49FD-94ED-9B2B063DDB02}.Debug|Any CPU.Build.0 = Debug|Any CPU
		{C8B90068-8076-49FD-94ED-9B2B063DDB02}.Release|Any CPU.ActiveCfg = Release|Any CPU
		{C8B90068-8076-49FD-94ED-9B2B063DDB02}.Release|Any CPU.Build.0 = Release|Any CPU
		{15CF2AB7-9CB3-48B4-9ED7-0CFFA928E48D}.Debug|Any CPU.ActiveCfg = Debug|Any CPU
		{15CF2AB7-9CB3-48B4-9ED7-0CFFA928E48D}.Debug|Any CPU.Build.0 = Debug|Any CPU
		{15CF2AB7-9CB3-48B4-9ED7-0CFFA928E48D}.Release|Any CPU.ActiveCfg = Release|Any CPU
		{15CF2AB7-9CB3-48B4-9ED7-0CFFA928E48D}.Release|Any CPU.Build.0 = Release|Any CPU
		{3DD179ED-A49C-48E3-AA5A-B514776F6394}.Debug|Any CPU.ActiveCfg = Debug|Any CPU
		{3DD179ED-A49C-48E3-AA5A-B514776F6394}.Debug|Any CPU.Build.0 = Debug|Any CPU
		{3DD179ED-A49C-48E3-AA5A-B514776F6394}.Release|Any CPU.ActiveCfg = Release|Any CPU
		{3DD179ED-A49C-48E3-AA5A-B514776F6394}.Release|Any CPU.Build.0 = Release|Any CPU
		{AF0D2E91-4105-4D55-AF7F-219FFE0D529F}.Debug|Any CPU.ActiveCfg = Debug|Any CPU
		{AF0D2E91-4105-4D55-AF7F-219FFE0D529F}.Debug|Any CPU.Build.0 = Debug|Any CPU
		{AF0D2E91-4105-4D55-AF7F-219FFE0D529F}.Release|Any CPU.ActiveCfg = Release|Any CPU
		{AF0D2E91-4105-4D55-AF7F-219FFE0D529F}.Release|Any CPU.Build.0 = Release|Any CPU
		{24F73086-65BA-41AB-9BA9-FD7631D3D4BE}.Debug|Any CPU.ActiveCfg = Debug|Any CPU
		{24F73086-65BA-41AB-9BA9-FD7631D3D4BE}.Debug|Any CPU.Build.0 = Debug|Any CPU
		{24F73086-65BA-41AB-9BA9-FD7631D3D4BE}.Release|Any CPU.ActiveCfg = Release|Any CPU
		{24F73086-65BA-41AB-9BA9-FD7631D3D4BE}.Release|Any CPU.Build.0 = Release|Any CPU
		{094859C7-0981-44F4-BEC4-9E8B81DBA88F}.Debug|Any CPU.ActiveCfg = Debug|Any CPU
		{094859C7-0981-44F4-BEC4-9E8B81DBA88F}.Debug|Any CPU.Build.0 = Debug|Any CPU
		{094859C7-0981-44F4-BEC4-9E8B81DBA88F}.Release|Any CPU.ActiveCfg = Release|Any CPU
		{094859C7-0981-44F4-BEC4-9E8B81DBA88F}.Release|Any CPU.Build.0 = Release|Any CPU
		{8135DBBA-34C0-4CB9-97B2-3B7ADA0B46E9}.Debug|Any CPU.ActiveCfg = Debug|Any CPU
		{8135DBBA-34C0-4CB9-97B2-3B7ADA0B46E9}.Debug|Any CPU.Build.0 = Debug|Any CPU
		{8135DBBA-34C0-4CB9-97B2-3B7ADA0B46E9}.Release|Any CPU.ActiveCfg = Release|Any CPU
		{8135DBBA-34C0-4CB9-97B2-3B7ADA0B46E9}.Release|Any CPU.Build.0 = Release|Any CPU
		{CCCA2369-902B-4519-A3BA-AE6F63A13169}.Debug|Any CPU.ActiveCfg = Debug|Any CPU
		{CCCA2369-902B-4519-A3BA-AE6F63A13169}.Debug|Any CPU.Build.0 = Debug|Any CPU
		{CCCA2369-902B-4519-A3BA-AE6F63A13169}.Release|Any CPU.ActiveCfg = Release|Any CPU
		{CCCA2369-902B-4519-A3BA-AE6F63A13169}.Release|Any CPU.Build.0 = Release|Any CPU
	EndGlobalSection
	GlobalSection(SolutionProperties) = preSolution
		HideSolutionNode = FALSE
	EndGlobalSection
	GlobalSection(NestedProjects) = preSolution
		{4C782917-6DB5-40BE-8121-314419F9D653} = {317CD143-C464-41C6-BBD6-049EC52809FF}
		{1406CD4F-51D6-4724-A114-6BC9217AA085} = {C065436B-82A8-423B-9E73-56E1138CFEA0}
		{C8B90068-8076-49FD-94ED-9B2B063DDB02} = {9EB439B8-373E-4C49-9E12-81C37B671174}
		{15CF2AB7-9CB3-48B4-9ED7-0CFFA928E48D} = {CE50BFFC-2B85-4FDA-B378-64A11DC758B9}
		{3DD179ED-A49C-48E3-AA5A-B514776F6394} = {C4A3D672-7BA7-4DDE-A44D-F992F1D6B2CD}
		{CF84103C-B745-4453-9BB6-C49DD16E3ACD} = {AEEA562C-41AB-47BD-A430-BCDFD54A117B}
		{4E71AECC-358D-4DF1-828F-80CDE91FE69A} = {AEEA562C-41AB-47BD-A430-BCDFD54A117B}
		{DD365517-A219-4AA7-9970-BF07C491B403} = {AEEA562C-41AB-47BD-A430-BCDFD54A117B}
		{097365BD-3506-4146-B5C4-6FD16B0CDA40} = {AEEA562C-41AB-47BD-A430-BCDFD54A117B}
		{A835F837-B5B0-4F87-A96A-2E10F3DCA4ED} = {AEEA562C-41AB-47BD-A430-BCDFD54A117B}
		{EBC0DCD0-31E4-4090-BA41-ED212FFA55EA} = {A835F837-B5B0-4F87-A96A-2E10F3DCA4ED}
		{DA1972C8-7DB8-4EE8-A6E3-D98B6E79B4B0} = {A835F837-B5B0-4F87-A96A-2E10F3DCA4ED}
		{0297628B-EDC8-4B8B-B0B6-B8051439436C} = {A835F837-B5B0-4F87-A96A-2E10F3DCA4ED}
		{5CB7420F-464D-4844-A66A-9E1CEFD3748F} = {A835F837-B5B0-4F87-A96A-2E10F3DCA4ED}
		{48EA27F2-004D-4438-98F2-44BFE744B85C} = {A835F837-B5B0-4F87-A96A-2E10F3DCA4ED}
		{AF0D2E91-4105-4D55-AF7F-219FFE0D529F} = {EBC0DCD0-31E4-4090-BA41-ED212FFA55EA}
		{24F73086-65BA-41AB-9BA9-FD7631D3D4BE} = {DA1972C8-7DB8-4EE8-A6E3-D98B6E79B4B0}
		{094859C7-0981-44F4-BEC4-9E8B81DBA88F} = {0297628B-EDC8-4B8B-B0B6-B8051439436C}
		{8135DBBA-34C0-4CB9-97B2-3B7ADA0B46E9} = {5CB7420F-464D-4844-A66A-9E1CEFD3748F}
		{CCCA2369-902B-4519-A3BA-AE6F63A13169} = {48EA27F2-004D-4438-98F2-44BFE744B85C}
	EndGlobalSection
	GlobalSection(ExtensibilityGlobals) = postSolution
		SolutionGuid = {A7615258-6E27-4EBF-9E75-618B8F737CFE}
	EndGlobalSection
EndGlobal
