
Microsoft Visual Studio Solution File, Format Version 12.00
# Visual Studio Version 17
VisualStudioVersion = 17.10.35013.160
MinimumVisualStudioVersion = 10.0.40219.1
Project("{2150E333-8FDC-42A3-9474-1A3956D46DE8}") = "Application", "Application", "{317CD143-C464-41C6-BBD6-049EC52809FF}"
EndProject
Project("{2150E333-8FDC-42A3-9474-1A3956D46DE8}") = "Contracts", "Contracts", "{C065436B-82A8-423B-9E73-56E1138CFEA0}"
EndProject
Project("{2150E333-8FDC-42A3-9474-1A3956D46DE8}") = "Domain", "Domain", "{9EB439B8-373E-4C49-9E12-81C37B671174}"
	ProjectSection(SolutionItems) = preProject
		PS.BearDiner.Contracts\Authentication\LoginRequest.cs = PS.BearDiner.Contracts\Authentication\LoginRequest.cs
	EndProjectSection
EndProject
Project("{2150E333-8FDC-42A3-9474-1A3956D46DE8}") = "Infrastructure", "Infrastructure", "{CE50BFFC-2B85-4FDA-B378-64A11DC758B9}"
EndProject
Project("{9A19103F-16F7-4668-BE54-9A1E7A4F7556}") = "PS.BearDiner.Application", "PS.BearDiner.Application\PS.BearDiner.Application.csproj", "{4C782917-6DB5-40BE-8121-314419F9D653}"
EndProject
Project("{9A19103F-16F7-4668-BE54-9A1E7A4F7556}") = "PS.BearDiner.Contracts", "PS.BearDiner.Contracts\PS.BearDiner.Contracts.csproj", "{1406CD4F-51D6-4724-A114-6BC9217AA085}"
EndProject
Project("{9A19103F-16F7-4668-BE54-9A1E7A4F7556}") = "PS.BearDiner.Domain", "PS.BearDiner.Domain\PS.BearDiner.Domain.csproj", "{C8B90068-8076-49FD-94ED-9B2B063DDB02}"
EndProject
Project("{9A19103F-16F7-4668-BE54-9A1E7A4F7556}") = "PS.BearDiner.Infrastructure", "PS.BearDiner.Infrastructure\PS.BearDiner.Infrastructure.csproj", "{15CF2AB7-9CB3-48B4-9ED7-0CFFA928E48D}"
EndProject
Project("{2150E333-8FDC-42A3-9474-1A3956D46DE8}") = "Api", "Api", "{C4A3D672-7BA7-4DDE-A44D-F992F1D6B2CD}"
EndProject
Project("{9A19103F-16F7-4668-BE54-9A1E7A4F7556}") = "PS.BearDiner.Api", "PS.BearDiner.Api\PS.BearDiner.Api.csproj", "{3DD179ED-A49C-48E3-AA5A-B514776F6394}"
EndProject
Global
	GlobalSection(SolutionConfigurationPlatforms) = preSolution
		Debug|Any CPU = Debug|Any CPU
		Release|Any CPU = Release|Any CPU
	EndGlobalSection
	GlobalSection(ProjectConfigurationPlatforms) = postSolution
		{4C782917-6DB5-40BE-8121-314419F9D653}.Debug|Any CPU.ActiveCfg = Debug|Any CPU
		{4C782917-6DB5-40BE-8121-314419F9D653}.Debug|Any CPU.Build.0 = Debug|Any CPU
		{4C782917-6DB5-40BE-8121-314419F9D653}.Release|Any CPU.ActiveCfg = Release|Any CPU
		{4C782917-6DB5-40BE-8121-314419F9D653}.Release|Any CPU.Build.0 = Release|Any CPU
		{1406CD4F-51D6-4724-A114-6BC9217AA085}.Debug|Any CPU.ActiveCfg = Debug|Any CPU
		{1406CD4F-51D6-4724-A114-6BC9217AA085}.Debug|Any CPU.Build.0 = Debug|Any CPU
		{1406CD4F-51D6-4724-A114-6BC9217AA085}.Release|Any CPU.ActiveCfg = Release|Any CPU
		{1406CD4F-51D6-4724-A114-6BC9217AA085}.Release|Any CPU.Build.0 = Release|Any CPU
		{C8B90068-8076-49FD-94ED-9B2B063DDB02}.Debug|Any CPU.ActiveCfg = Debug|Any CPU
		{C8B90068-8076-49FD-94ED-9B2B063DDB02}.Debug|Any CPU.Build.0 = Debug|Any CPU
		{C8B90068-8076-49FD-94ED-9B2B063DDB02}.Release|Any CPU.ActiveCfg = Release|Any CPU
		{C8B90068-8076-49FD-94ED-9B2B063DDB02}.Release|Any CPU.Build.0 = Release|Any CPU
		{15CF2AB7-9CB3-48B4-9ED7-0CFFA928E48D}.Debug|Any CPU.ActiveCfg = Debug|Any CPU
		{15CF2AB7-9CB3-48B4-9ED7-0CFFA928E48D}.Debug|Any CPU.Build.0 = Debug|Any CPU
		{15CF2AB7-9CB3-48B4-9ED7-0CFFA928E48D}.Release|Any CPU.ActiveCfg = Release|Any CPU
		{15CF2AB7-9CB3-48B4-9ED7-0CFFA928E48D}.Release|Any CPU.Build.0 = Release|Any CPU
		{3DD179ED-A49C-48E3-AA5A-B514776F6394}.Debug|Any CPU.ActiveCfg = Debug|Any CPU
		{3DD179ED-A49C-48E3-AA5A-B514776F6394}.Debug|Any CPU.Build.0 = Debug|Any CPU
		{3DD179ED-A49C-48E3-AA5A-B514776F6394}.Release|Any CPU.ActiveCfg = Release|Any CPU
		{3DD179ED-A49C-48E3-AA5A-B514776F6394}.Release|Any CPU.Build.0 = Release|Any CPU
	EndGlobalSection
	GlobalSection(SolutionProperties) = preSolution
		HideSolutionNode = FALSE
	EndGlobalSection
	GlobalSection(NestedProjects) = preSolution
		{4C782917-6DB5-40BE-8121-314419F9D653} = {317CD143-C464-41C6-BBD6-049EC52809FF}
		{1406CD4F-51D6-4724-A114-6BC9217AA085} = {C065436B-82A8-423B-9E73-56E1138CFEA0}
		{C8B90068-8076-49FD-94ED-9B2B063DDB02} = {9EB439B8-373E-4C49-9E12-81C37B671174}
		{15CF2AB7-9CB3-48B4-9ED7-0CFFA928E48D} = {CE50BFFC-2B85-4FDA-B378-64A11DC758B9}
		{3DD179ED-A49C-48E3-AA5A-B514776F6394} = {C4A3D672-7BA7-4DDE-A44D-F992F1D6B2CD}
	EndGlobalSection
	GlobalSection(ExtensibilityGlobals) = postSolution
		SolutionGuid = {A7615258-6E27-4EBF-9E75-618B8F737CFE}
	EndGlobalSection
EndGlobal
